
Microsoft Visual Studio Solution File, Format Version 12.00
# Visual Studio Version 17
VisualStudioVersion = 17.2.32616.157
MinimumVisualStudioVersion = 10.0.40219.1
Project("{8BC9CEB8-8B4A-11D0-8D11-00A0C91BC942}") = "Sorteo", "Sorteo.vcxproj", "{CB196577-E7D1-472E-983F-773330EE832F}"
EndProject
Global
	GlobalSection(SolutionConfigurationPlatforms) = preSolution
		Debug|x64 = Debug|x64
		Debug|x86 = Debug|x86
		Release|x64 = Release|x64
		Release|x86 = Release|x86
	EndGlobalSection
	GlobalSection(ProjectConfigurationPlatforms) = postSolution
		{CB196577-E7D1-472E-983F-773330EE832F}.Debug|x64.ActiveCfg = Debug|x64
		{CB196577-E7D1-472E-983F-773330EE832F}.Debug|x64.Build.0 = Debug|x64
		{CB196577-E7D1-472E-983F-773330EE832F}.Debug|x86.ActiveCfg = Debug|Win32
		{CB196577-E7D1-472E-983F-773330EE832F}.Debug|x86.Build.0 = Debug|Win32
		{CB196577-E7D1-472E-983F-773330EE832F}.Release|x64.ActiveCfg = Release|x64
		{CB196577-E7D1-472E-983F-773330EE832F}.Release|x64.Build.0 = Release|x64
		{CB196577-E7D1-472E-983F-773330EE832F}.Release|x86.ActiveCfg = Release|Win32
		{CB196577-E7D1-472E-983F-773330EE832F}.Release|x86.Build.0 = Release|Win32
	EndGlobalSection
	GlobalSection(SolutionProperties) = preSolution
		HideSolutionNode = FALSE
	EndGlobalSection
	GlobalSection(ExtensibilityGlobals) = postSolution
		SolutionGuid = {69FA5E01-F45B-4200-9DB5-0F1B0B7BA25E}
	EndGlobalSection
EndGlobal
